// !$*UTF8*$!
{
	archiveVersion = 1;
	classes = {
	};
	objectVersion = 46;
	objects = {

/* Begin PBXBuildFile section */
		9AD424801CF5425C00295AB8 /* main.m in Sources */ = {isa = PBXBuildFile; fileRef = 9AD4247F1CF5425C00295AB8 /* main.m */; };
		9AD424831CF5425C00295AB8 /* AppDelegate.m in Sources */ = {isa = PBXBuildFile; fileRef = 9AD424821CF5425C00295AB8 /* AppDelegate.m */; };
		9AD424861CF5425C00295AB8 /* ViewController.m in Sources */ = {isa = PBXBuildFile; fileRef = 9AD424851CF5425C00295AB8 /* ViewController.m */; };
		9AD424891CF5425C00295AB8 /* Main.storyboard in Resources */ = {isa = PBXBuildFile; fileRef = 9AD424871CF5425C00295AB8 /* Main.storyboard */; };
		9AD4248B1CF5425C00295AB8 /* Assets.xcassets in Resources */ = {isa = PBXBuildFile; fileRef = 9AD4248A1CF5425C00295AB8 /* Assets.xcassets */; };
		9AD4248E1CF5425C00295AB8 /* LaunchScreen.storyboard in Resources */ = {isa = PBXBuildFile; fileRef = 9AD4248C1CF5425C00295AB8 /* LaunchScreen.storyboard */; };
/* End PBXBuildFile section */

/* Begin PBXFileReference section */
		9AD4247B1CF5425C00295AB8 /* MiClima.app */ = {isa = PBXFileReference; explicitFileType = wrapper.application; includeInIndex = 0; path = MiClima.app; sourceTree = BUILT_PRODUCTS_DIR; };
		9AD4247F1CF5425C00295AB8 /* main.m */ = {isa = PBXFileReference; lastKnownFileType = sourcecode.c.objc; path = main.m; sourceTree = "<group>"; };
		9AD424811CF5425C00295AB8 /* AppDelegate.h */ = {isa = PBXFileReference; lastKnownFileType = sourcecode.c.h; path = AppDelegate.h; sourceTree = "<group>"; };
		9AD424821CF5425C00295AB8 /* AppDelegate.m */ = {isa = PBXFileReference; lastKnownFileType = sourcecode.c.objc; path = AppDelegate.m; sourceTree = "<group>"; };
		9AD424841CF5425C00295AB8 /* ViewController.h */ = {isa = PBXFileReference; lastKnownFileType = sourcecode.c.h; path = ViewController.h; sourceTree = "<group>"; };
		9AD424851CF5425C00295AB8 /* ViewController.m */ = {isa = PBXFileReference; lastKnownFileType = sourcecode.c.objc; path = ViewController.m; sourceTree = "<group>"; };
		9AD424881CF5425C00295AB8 /* Base */ = {isa = PBXFileReference; lastKnownFileType = file.storyboard; name = Base; path = Base.lproj/Main.storyboard; sourceTree = "<group>"; };
		9AD4248A1CF5425C00295AB8 /* Assets.xcassets */ = {isa = PBXFileReference; lastKnownFileType = folder.assetcatalog; path = Assets.xcassets; sourceTree = "<group>"; };
		9AD4248D1CF5425C00295AB8 /* Base */ = {isa = PBXFileReference; lastKnownFileType = file.storyboard; name = Base; path = Base.lproj/LaunchScreen.storyboard; sourceTree = "<group>"; };
		9AD4248F1CF5425C00295AB8 /* Info.plist */ = {isa = PBXFileReference; lastKnownFileType = text.plist.xml; path = Info.plist; sourceTree = "<group>"; };
/* End PBXFileReference section */

/* Begin PBXFrameworksBuildPhase section */
		9AD424781CF5425C00295AB8 /* Frameworks */ = {
			isa = PBXFrameworksBuildPhase;
			buildActionMask = 2147483647;
			files = (
			);
			runOnlyForDeploymentPostprocessing = 0;
		};
/* End PBXFrameworksBuildPhase section */

/* Begin PBXGroup section */
		9AD424721CF5425C00295AB8 = {
			isa = PBXGroup;
			children = (
				9AD4247D1CF5425C00295AB8 /* MiClima */,
				9AD4247C1CF5425C00295AB8 /* Products */,
			);
			sourceTree = "<group>";
		};
		9AD4247C1CF5425C00295AB8 /* Products */ = {
			isa = PBXGroup;
			children = (
				9AD4247B1CF5425C00295AB8 /* MiClima.app */,
			);
			name = Products;
			sourceTree = "<group>";
		};
		9AD4247D1CF5425C00295AB8 /* MiClima */ = {
			isa = PBXGroup;
			children = (
				9AD424811CF5425C00295AB8 /* AppDelegate.h */,
				9AD424821CF5425C00295AB8 /* AppDelegate.m */,
				9AD424841CF5425C00295AB8 /* ViewController.h */,
				9AD424851CF5425C00295AB8 /* ViewController.m */,
				9AD424871CF5425C00295AB8 /* Main.storyboard */,
				9AD4248A1CF5425C00295AB8 /* Assets.xcassets */,
				9AD4248C1CF5425C00295AB8 /* LaunchScreen.storyboard */,
				9AD4248F1CF5425C00295AB8 /* Info.plist */,
				9AD4247E1CF5425C00295AB8 /* Supporting Files */,
			);
			path = MiClima;
			sourceTree = "<group>";
		};
		9AD4247E1CF5425C00295AB8 /* Supporting Files */ = {
			isa = PBXGroup;
			children = (
				9AD4247F1CF5425C00295AB8 /* main.m */,
			);
			name = "Supporting Files";
			sourceTree = "<group>";
		};
/* End PBXGroup section */

/* Begin PBXNativeTarget section */
		9AD4247A1CF5425C00295AB8 /* MiClima */ = {
			isa = PBXNativeTarget;
			buildConfigurationList = 9AD424921CF5425C00295AB8 /* Build configuration list for PBXNativeTarget "MiClima" */;
			buildPhases = (
				9AD424771CF5425C00295AB8 /* Sources */,
				9AD424781CF5425C00295AB8 /* Frameworks */,
				9AD424791CF5425C00295AB8 /* Resources */,
			);
			buildRules = (
			);
			dependencies = (
			);
			name = MiClima;
			productName = MiClima;
			productReference = 9AD4247B1CF5425C00295AB8 /* MiClima.app */;
			productType = "com.apple.product-type.application";
		};
/* End PBXNativeTarget section */

/* Begin PBXProject section */
		9AD424731CF5425C00295AB8 /* Project object */ = {
			isa = PBXProject;
			attributes = {
				LastUpgradeCheck = 0730;
				ORGANIZATIONNAME = IMS;
				TargetAttributes = {
					9AD4247A1CF5425C00295AB8 = {
						CreatedOnToolsVersion = 7.3.1;
					};
				};
			};
			buildConfigurationList = 9AD424761CF5425C00295AB8 /* Build configuration list for PBXProject "MiClima" */;
			compatibilityVersion = "Xcode 3.2";
			developmentRegion = English;
			hasScannedForEncodings = 0;
			knownRegions = (
				en,
				Base,
			);
			mainGroup = 9AD424721CF5425C00295AB8;
			productRefGroup = 9AD4247C1CF5425C00295AB8 /* Products */;
			projectDirPath = "";
			projectRoot = "";
			targets = (
				9AD4247A1CF5425C00295AB8 /* MiClima */,
			);
		};
/* End PBXProject section */

/* Begin PBXResourcesBuildPhase section */
		9AD424791CF5425C00295AB8 /* Resources */ = {
			isa = PBXResourcesBuildPhase;
			buildActionMask = 2147483647;
			files = (
				9AD4248E1CF5425C00295AB8 /* LaunchScreen.storyboard in Resources */,
				9AD4248B1CF5425C00295AB8 /* Assets.xcassets in Resources */,
				9AD424891CF5425C00295AB8 /* Main.storyboard in Resources */,
			);
			runOnlyForDeploymentPostprocessing = 0;
		};
/* End PBXResourcesBuildPhase section */

/* Begin PBXSourcesBuildPhase section */
		9AD424771CF5425C00295AB8 /* Sources */ = {
			isa = PBXSourcesBuildPhase;
			buildActionMask = 2147483647;
			files = (
				9AD424861CF5425C00295AB8 /* ViewController.m in Sources */,
				9AD424831CF5425C00295AB8 /* AppDelegate.m in Sources */,
				9AD424801CF5425C00295AB8 /* main.m in Sources */,
			);
			runOnlyForDeploymentPostprocessing = 0;
		};
/* End PBXSourcesBuildPhase section */

/* Begin PBXVariantGroup section */
		9AD424871CF5425C00295AB8 /* Main.storyboard */ = {
			isa = PBXVariantGroup;
			children = (
				9AD424881CF5425C00295AB8 /* Base */,
			);
			name = Main.storyboard;
			sourceTree = "<group>";
		};
		9AD4248C1CF5425C00295AB8 /* LaunchScreen.storyboard */ = {
			isa = PBXVariantGroup;
			children = (
				9AD4248D1CF5425C00295AB8 /* Base */,
			);
			name = LaunchScreen.storyboard;
			sourceTree = "<group>";
		};
/* End PBXVariantGroup section */

/* Begin XCBuildConfiguration section */
		9AD424901CF5425C00295AB8 /* Debug */ = {
			isa = XCBuildConfiguration;
			buildSettings = {
				ALWAYS_SEARCH_USER_PATHS = NO;
				CLANG_ANALYZER_NONNULL = YES;
				CLANG_CXX_LANGUAGE_STANDARD = "gnu++0x";
				CLANG_CXX_LIBRARY = "libc++";
				CLANG_ENABLE_MODULES = YES;
				CLANG_ENABLE_OBJC_ARC = YES;
				CLANG_WARN_BOOL_CONVERSION = YES;
				CLANG_WARN_CONSTANT_CONVERSION = YES;
				CLANG_WARN_DIRECT_OBJC_ISA_USAGE = YES_ERROR;
				CLANG_WARN_EMPTY_BODY = YES;
				CLANG_WARN_ENUM_CONVERSION = YES;
				CLANG_WARN_INT_CONVERSION = YES;
				CLANG_WARN_OBJC_ROOT_CLASS = YES_ERROR;
				CLANG_WARN_UNREACHABLE_CODE = YES;
				CLANG_WARN__DUPLICATE_METHOD_MATCH = YES;
				"CODE_SIGN_IDENTITY[sdk=iphoneos*]" = "iPhone Developer";
				COPY_PHASE_STRIP = NO;
				DEBUG_INFORMATION_FORMAT = dwarf;
				ENABLE_STRICT_OBJC_MSGSEND = YES;
				ENABLE_TESTABILITY = YES;
				GCC_C_LANGUAGE_STANDARD = gnu99;
				GCC_DYNAMIC_NO_PIC = NO;
				GCC_NO_COMMON_BLOCKS = YES;
				GCC_OPTIMIZATION_LEVEL = 0;
				GCC_PREPROCESSOR_DEFINITIONS = (
					"DEBUG=1",
					"$(inherited)",
				);
				GCC_WARN_64_TO_32_BIT_CONVERSION = YES;
				GCC_WARN_ABOUT_RETURN_TYPE = YES_ERROR;
				GCC_WARN_UNDECLARED_SELECTOR = YES;
				GCC_WARN_UNINITIALIZED_AUTOS = YES_AGGRESSIVE;
				GCC_WARN_UNUSED_FUNCTION = YES;
				GCC_WARN_UNUSED_VARIABLE = YES;
				IPHONEOS_DEPLOYMENT_TARGET = 9.3;
				MTL_ENABLE_DEBUG_INFO = YES;
				ONLY_ACTIVE_ARCH = YES;
				SDKROOT = iphoneos;
			};
			name = Debug;
		};
		9AD424911CF5425C00295AB8 /* Release */ = {
			isa = XCBuildConfiguration;
			buildSettings = {
				ALWAYS_SEARCH_USER_PATHS = NO;
				CLANG_ANALYZER_NONNULL = YES;
				CLANG_CXX_LANGUAGE_STANDARD = "gnu++0x";
				CLANG_CXX_LIBRARY = "libc++";
				CLANG_ENABLE_MODULES = YES;
				CLANG_ENABLE_OBJC_ARC = YES;
				CLANG_WARN_BOOL_CONVERSION = YES;
				CLANG_WARN_CONSTANT_CONVERSION = YES;
				CLANG_WARN_DIRECT_OBJC_ISA_USAGE = YES_ERROR;
				CLANG_WARN_EMPTY_BODY = YES;
				CLANG_WARN_ENUM_CONVERSION = YES;
				CLANG_WARN_INT_CONVERSION = YES;
				CLANG_WARN_OBJC_ROOT_CLASS = YES_ERROR;
				CLANG_WARN_UNREACHABLE_CODE = YES;
				CLANG_WARN__DUPLICATE_METHOD_MATCH = YES;
				"CODE_SIGN_IDENTITY[sdk=iphoneos*]" = "iPhone Developer";
				COPY_PHASE_STRIP = NO;
				DEBUG_INFORMATION_FORMAT = "dwarf-with-dsym";
				ENABLE_NS_ASSERTIONS = NO;
				ENABLE_STRICT_OBJC_MSGSEND = YES;
				GCC_C_LANGUAGE_STANDARD = gnu99;
				GCC_NO_COMMON_BLOCKS = YES;
				GCC_WARN_64_TO_32_BIT_CONVERSION = YES;
				GCC_WARN_ABOUT_RETURN_TYPE = YES_ERROR;
				GCC_WARN_UNDECLARED_SELECTOR = YES;
				GCC_WARN_UNINITIALIZED_AUTOS = YES_AGGRESSIVE;
				GCC_WARN_UNUSED_FUNCTION = YES;
				GCC_WARN_UNUSED_VARIABLE = YES;
				IPHONEOS_DEPLOYMENT_TARGET = 9.3;
				MTL_ENABLE_DEBUG_INFO = NO;
				SDKROOT = iphoneos;
				VALIDATE_PRODUCT = YES;
			};
			name = Release;
		};
		9AD424931CF5425C00295AB8 /* Debug */ = {
			isa = XCBuildConfiguration;
			buildSettings = {
				ASSETCATALOG_COMPILER_APPICON_NAME = AppIcon;
				INFOPLIST_FILE = MiClima/Info.plist;
				LD_RUNPATH_SEARCH_PATHS = "$(inherited) @executable_path/Frameworks";
				PRODUCT_BUNDLE_IDENTIFIER = com.cenfotec.ios.MiClima;
				PRODUCT_NAME = "$(TARGET_NAME)";
			};
			name = Debug;
		};
		9AD424941CF5425C00295AB8 /* Release */ = {
			isa = XCBuildConfiguration;
			buildSettings = {
				ASSETCATALOG_COMPILER_APPICON_NAME = AppIcon;
				INFOPLIST_FILE = MiClima/Info.plist;
				LD_RUNPATH_SEARCH_PATHS = "$(inherited) @executable_path/Frameworks";
				PRODUCT_BUNDLE_IDENTIFIER = com.cenfotec.ios.MiClima;
				PRODUCT_NAME = "$(TARGET_NAME)";
			};
			name = Release;
		};
/* End XCBuildConfiguration section */

/* Begin XCConfigurationList section */
		9AD424761CF5425C00295AB8 /* Build configuration list for PBXProject "MiClima" */ = {
			isa = XCConfigurationList;
			buildConfigurations = (
				9AD424901CF5425C00295AB8 /* Debug */,
				9AD424911CF5425C00295AB8 /* Release */,
			);
			defaultConfigurationIsVisible = 0;
			defaultConfigurationName = Release;
		};
		9AD424921CF5425C00295AB8 /* Build configuration list for PBXNativeTarget "MiClima" */ = {
			isa = XCConfigurationList;
			buildConfigurations = (
				9AD424931CF5425C00295AB8 /* Debug */,
				9AD424941CF5425C00295AB8 /* Release */,
			);
			defaultConfigurationIsVisible = 0;
		};
/* End XCConfigurationList section */
	};
	rootObject = 9AD424731CF5425C00295AB8 /* Project object */;
}
